
Microsoft Visual Studio Solution File, Format Version 12.00
# Visual Studio Version 17
VisualStudioVersion = 17.5.002.0
MinimumVisualStudioVersion = 10.0.40219.1
Project("{9A19103F-16F7-4668-BE54-9A1E7A4F7556}") = "AppMvcNet", "AppMvcNet.csproj", "{091EEFA3-BA6C-4B9B-92EA-52D19FB1893A}"
EndProject
Global
	GlobalSection(SolutionConfigurationPlatforms) = preSolution
		Debug|Any CPU = Debug|Any CPU
		Release|Any CPU = Release|Any CPU
	EndGlobalSection
	GlobalSection(ProjectConfigurationPlatforms) = postSolution
		{091EEFA3-BA6C-4B9B-92EA-52D19FB1893A}.Debug|Any CPU.ActiveCfg = Debug|Any CPU
		{091EEFA3-BA6C-4B9B-92EA-52D19FB1893A}.Debug|Any CPU.Build.0 = Debug|Any CPU
		{091EEFA3-BA6C-4B9B-92EA-52D19FB1893A}.Release|Any CPU.ActiveCfg = Release|Any CPU
		{091EEFA3-BA6C-4B9B-92EA-52D19FB1893A}.Release|Any CPU.Build.0 = Release|Any CPU
	EndGlobalSection
	GlobalSection(SolutionProperties) = preSolution
		HideSolutionNode = FALSE
	EndGlobalSection
	GlobalSection(ExtensibilityGlobals) = postSolution
		SolutionGuid = {F5E8A7CF-B989-4620-B560-26826C827AC3}
	EndGlobalSection
EndGlobal
